
Microsoft Visual Studio Solution File, Format Version 12.00
# Visual Studio Version 17
VisualStudioVersion = 17.14.36221.1
MinimumVisualStudioVersion = 10.0.40219.1
Project("{FAE04EC0-301F-11D3-BF4B-00C04F79EFBC}") = "DapperUserApi", "DapperUserApi.csproj", "{E0A32DB5-471D-57C0-3618-FABC4FE6183D}"
EndProject
Global
	GlobalSection(SolutionConfigurationPlatforms) = preSolution
		Debug|Any CPU = Debug|Any CPU
		Release|Any CPU = Release|Any CPU
	EndGlobalSection
	GlobalSection(ProjectConfigurationPlatforms) = postSolution
		{E0A32DB5-471D-57C0-3618-FABC4FE6183D}.Debug|Any CPU.ActiveCfg = Debug|Any CPU
		{E0A32DB5-471D-57C0-3618-FABC4FE6183D}.Debug|Any CPU.Build.0 = Debug|Any CPU
		{E0A32DB5-471D-57C0-3618-FABC4FE6183D}.Release|Any CPU.ActiveCfg = Release|Any CPU
		{E0A32DB5-471D-57C0-3618-FABC4FE6183D}.Release|Any CPU.Build.0 = Release|Any CPU
	EndGlobalSection
	GlobalSection(SolutionProperties) = preSolution
		HideSolutionNode = FALSE
	EndGlobalSection
	GlobalSection(ExtensibilityGlobals) = postSolution
		SolutionGuid = {15A4E44D-FB93-43FF-866D-3CD5F0EB3FA8}
	EndGlobalSection
EndGlobal
